
Microsoft Visual Studio Solution File, Format Version 12.00
# Visual Studio Version 16
VisualStudioVersion = 16.0.30323.103
MinimumVisualStudioVersion = 10.0.40219.1
Project("{FAE04EC0-301F-11D3-BF4B-00C04F79EFBC}") = "DualScreenDemo.Android", "DualScreenDemo\DualScreenDemo.Android\DualScreenDemo.Android.csproj", "{DE3931AA-1E23-4A66-9F47-BB7AA05401C0}"
EndProject
Project("{FAE04EC0-301F-11D3-BF4B-00C04F79EFBC}") = "DualScreenDemo", "DualScreenDemo\DualScreenDemo\DualScreenDemo.csproj", "{E247F048-EA87-43C9-8540-1D25A3270D8E}"
EndProject
Global
	GlobalSection(SolutionConfigurationPlatforms) = preSolution
		Debug|Any CPU = Debug|Any CPU
		Release|Any CPU = Release|Any CPU
	EndGlobalSection
	GlobalSection(ProjectConfigurationPlatforms) = postSolution
		{DE3931AA-1E23-4A66-9F47-BB7AA05401C0}.Debug|Any CPU.ActiveCfg = Debug|Any CPU
		{DE3931AA-1E23-4A66-9F47-BB7AA05401C0}.Debug|Any CPU.Build.0 = Debug|Any CPU
		{DE3931AA-1E23-4A66-9F47-BB7AA05401C0}.Debug|Any CPU.Deploy.0 = Debug|Any CPU
		{DE3931AA-1E23-4A66-9F47-BB7AA05401C0}.Release|Any CPU.ActiveCfg = Release|Any CPU
		{DE3931AA-1E23-4A66-9F47-BB7AA05401C0}.Release|Any CPU.Build.0 = Release|Any CPU
		{DE3931AA-1E23-4A66-9F47-BB7AA05401C0}.Release|Any CPU.Deploy.0 = Release|Any CPU
		{E247F048-EA87-43C9-8540-1D25A3270D8E}.Debug|Any CPU.ActiveCfg = Debug|Any CPU
		{E247F048-EA87-43C9-8540-1D25A3270D8E}.Debug|Any CPU.Build.0 = Debug|Any CPU
		{E247F048-EA87-43C9-8540-1D25A3270D8E}.Release|Any CPU.ActiveCfg = Release|Any CPU
		{E247F048-EA87-43C9-8540-1D25A3270D8E}.Release|Any CPU.Build.0 = Release|Any CPU
	EndGlobalSection
	GlobalSection(SolutionProperties) = preSolution
		HideSolutionNode = FALSE
	EndGlobalSection
	GlobalSection(ExtensibilityGlobals) = postSolution
		SolutionGuid = {9BDFBF88-8712-4548-BE9C-98E4BA570BB6}
	EndGlobalSection
EndGlobal
